
Microsoft Visual Studio Solution File, Format Version 12.00
# Visual Studio Version 17
VisualStudioVersion = 17.7.34221.43
MinimumVisualStudioVersion = 10.0.40219.1
Project("{FAE04EC0-301F-11D3-BF4B-00C04F79EFBC}") = "HotelFuen31.BackEnd.Site", "HotelFuen31.BackEnd.Site\HotelFuen31.BackEnd.Site.csproj", "{E3822CD8-D985-41AF-9E50-882F2AAC79D0}"
EndProject
Project("{2150E333-8FDC-42A3-9474-1A3956D46DE8}") = "PresentationLayer", "PresentationLayer", "{5AE7EC64-19BA-4722-B4D9-49FD2057EE12}"
EndProject
Project("{2150E333-8FDC-42A3-9474-1A3956D46DE8}") = "BusinessLogicLayer", "BusinessLogicLayer", "{FDE473FA-9B6C-48FF-A8A8-694ED0D2E850}"
EndProject
Project("{2150E333-8FDC-42A3-9474-1A3956D46DE8}") = "DataAccessLayer", "DataAccessLayer", "{1BF1B1C5-3720-4B5B-ABE7-3AE473FF327A}"
EndProject
Project("{2150E333-8FDC-42A3-9474-1A3956D46DE8}") = "Infrastructure", "Infrastructure", "{E61E43AC-D448-448D-A86D-43A4117DD1A4}"
EndProject
Project("{FAE04EC0-301F-11D3-BF4B-00C04F79EFBC}") = "HotelFuen31.IBLL", "HotelFuen31.IBLL\HotelFuen31.IBLL.csproj", "{BC8A0A8B-14FC-4DCD-9171-EEDFD8D0225E}"
EndProject
Project("{FAE04EC0-301F-11D3-BF4B-00C04F79EFBC}") = "HotelFuen31.BLL", "HotelFuen31.BLL\HotelFuen31.BLL.csproj", "{45A32881-2D81-4273-93D3-A3F0FFB35903}"
EndProject
Project("{FAE04EC0-301F-11D3-BF4B-00C04F79EFBC}") = "HotelFuen31.IDAL", "HotelFuen31.IDAL\HotelFuen31.IDAL.csproj", "{844B1B70-FFCC-41F6-8C87-169C98D0BF3F}"
EndProject
Project("{FAE04EC0-301F-11D3-BF4B-00C04F79EFBC}") = "HotelFuen31.DAL.RepoEF", "HotelFuen31.DAL.RepoEF\HotelFuen31.DAL.RepoEF.csproj", "{3B88BDC5-D5EE-414D-83A5-BC761306ADE4}"
EndProject
Project("{FAE04EC0-301F-11D3-BF4B-00C04F79EFBC}") = "HotelFuen31.Infra.Utilities", "HotelFuen31.Infra.Utilities\HotelFuen31.Infra.Utilities.csproj", "{FACED75A-21F6-43A1-9965-C85EF0987E7C}"
EndProject
Project("{FAE04EC0-301F-11D3-BF4B-00C04F79EFBC}") = "HotelFuen31.PL.ViewModels", "HotelFuen31.PL.ViewModels\HotelFuen31.PL.ViewModels.csproj", "{11075527-02B7-43A7-AB28-606BB1579A05}"
EndProject
Project("{FAE04EC0-301F-11D3-BF4B-00C04F79EFBC}") = "HotelFuen31.DAL.EF", "HotelFuen31.DAL.EF\HotelFuen31.DAL.EF.csproj", "{0D0FDF75-236F-4120-A0A2-52B33E3AF0FB}"
EndProject
Project("{FAE04EC0-301F-11D3-BF4B-00C04F79EFBC}") = "Fuen31.SqlClient", "Fuen31.SqlClient\Fuen31.SqlClient.csproj", "{31E06852-0B0B-441D-B06E-EAAF03112CFC}"
EndProject
Project("{FAE04EC0-301F-11D3-BF4B-00C04F79EFBC}") = "HotelFuen31.DAL.RepoAdo", "HotelFuen31.DAL.RepoAdo\HotelFuen31.DAL.RepoAdo.csproj", "{68C399C1-4595-47D4-A72C-532264A32675}"
EndProject
Project("{FAE04EC0-301F-11D3-BF4B-00C04F79EFBC}") = "HotelFuen31.DAL.RepoDapper", "HotelFuen31.DAL.RepoDapper\HotelFuen31.DAL.RepoDapper.csproj", "{23171157-3FCF-4A0B-B0DA-58018B1D9D3A}"
EndProject
Global
	GlobalSection(SolutionConfigurationPlatforms) = preSolution
		Debug|Any CPU = Debug|Any CPU
		Release|Any CPU = Release|Any CPU
	EndGlobalSection
	GlobalSection(ProjectConfigurationPlatforms) = postSolution
		{E3822CD8-D985-41AF-9E50-882F2AAC79D0}.Debug|Any CPU.ActiveCfg = Debug|Any CPU
		{E3822CD8-D985-41AF-9E50-882F2AAC79D0}.Debug|Any CPU.Build.0 = Debug|Any CPU
		{E3822CD8-D985-41AF-9E50-882F2AAC79D0}.Release|Any CPU.ActiveCfg = Release|Any CPU
		{E3822CD8-D985-41AF-9E50-882F2AAC79D0}.Release|Any CPU.Build.0 = Release|Any CPU
		{BC8A0A8B-14FC-4DCD-9171-EEDFD8D0225E}.Debug|Any CPU.ActiveCfg = Debug|Any CPU
		{BC8A0A8B-14FC-4DCD-9171-EEDFD8D0225E}.Debug|Any CPU.Build.0 = Debug|Any CPU
		{BC8A0A8B-14FC-4DCD-9171-EEDFD8D0225E}.Release|Any CPU.ActiveCfg = Release|Any CPU
		{BC8A0A8B-14FC-4DCD-9171-EEDFD8D0225E}.Release|Any CPU.Build.0 = Release|Any CPU
		{45A32881-2D81-4273-93D3-A3F0FFB35903}.Debug|Any CPU.ActiveCfg = Debug|Any CPU
		{45A32881-2D81-4273-93D3-A3F0FFB35903}.Debug|Any CPU.Build.0 = Debug|Any CPU
		{45A32881-2D81-4273-93D3-A3F0FFB35903}.Release|Any CPU.ActiveCfg = Release|Any CPU
		{45A32881-2D81-4273-93D3-A3F0FFB35903}.Release|Any CPU.Build.0 = Release|Any CPU
		{844B1B70-FFCC-41F6-8C87-169C98D0BF3F}.Debug|Any CPU.ActiveCfg = Debug|Any CPU
		{844B1B70-FFCC-41F6-8C87-169C98D0BF3F}.Debug|Any CPU.Build.0 = Debug|Any CPU
		{844B1B70-FFCC-41F6-8C87-169C98D0BF3F}.Release|Any CPU.ActiveCfg = Release|Any CPU
		{844B1B70-FFCC-41F6-8C87-169C98D0BF3F}.Release|Any CPU.Build.0 = Release|Any CPU
		{3B88BDC5-D5EE-414D-83A5-BC761306ADE4}.Debug|Any CPU.ActiveCfg = Debug|Any CPU
		{3B88BDC5-D5EE-414D-83A5-BC761306ADE4}.Debug|Any CPU.Build.0 = Debug|Any CPU
		{3B88BDC5-D5EE-414D-83A5-BC761306ADE4}.Release|Any CPU.ActiveCfg = Release|Any CPU
		{3B88BDC5-D5EE-414D-83A5-BC761306ADE4}.Release|Any CPU.Build.0 = Release|Any CPU
		{FACED75A-21F6-43A1-9965-C85EF0987E7C}.Debug|Any CPU.ActiveCfg = Debug|Any CPU
		{FACED75A-21F6-43A1-9965-C85EF0987E7C}.Debug|Any CPU.Build.0 = Debug|Any CPU
		{FACED75A-21F6-43A1-9965-C85EF0987E7C}.Release|Any CPU.ActiveCfg = Release|Any CPU
		{FACED75A-21F6-43A1-9965-C85EF0987E7C}.Release|Any CPU.Build.0 = Release|Any CPU
		{11075527-02B7-43A7-AB28-606BB1579A05}.Debug|Any CPU.ActiveCfg = Debug|Any CPU
		{11075527-02B7-43A7-AB28-606BB1579A05}.Debug|Any CPU.Build.0 = Debug|Any CPU
		{11075527-02B7-43A7-AB28-606BB1579A05}.Release|Any CPU.ActiveCfg = Release|Any CPU
		{11075527-02B7-43A7-AB28-606BB1579A05}.Release|Any CPU.Build.0 = Release|Any CPU
		{0D0FDF75-236F-4120-A0A2-52B33E3AF0FB}.Debug|Any CPU.ActiveCfg = Debug|Any CPU
		{0D0FDF75-236F-4120-A0A2-52B33E3AF0FB}.Debug|Any CPU.Build.0 = Debug|Any CPU
		{0D0FDF75-236F-4120-A0A2-52B33E3AF0FB}.Release|Any CPU.ActiveCfg = Release|Any CPU
		{0D0FDF75-236F-4120-A0A2-52B33E3AF0FB}.Release|Any CPU.Build.0 = Release|Any CPU
		{31E06852-0B0B-441D-B06E-EAAF03112CFC}.Debug|Any CPU.ActiveCfg = Debug|Any CPU
		{31E06852-0B0B-441D-B06E-EAAF03112CFC}.Debug|Any CPU.Build.0 = Debug|Any CPU
		{31E06852-0B0B-441D-B06E-EAAF03112CFC}.Release|Any CPU.ActiveCfg = Release|Any CPU
		{31E06852-0B0B-441D-B06E-EAAF03112CFC}.Release|Any CPU.Build.0 = Release|Any CPU
		{68C399C1-4595-47D4-A72C-532264A32675}.Debug|Any CPU.ActiveCfg = Debug|Any CPU
		{68C399C1-4595-47D4-A72C-532264A32675}.Debug|Any CPU.Build.0 = Debug|Any CPU
		{68C399C1-4595-47D4-A72C-532264A32675}.Release|Any CPU.ActiveCfg = Release|Any CPU
		{68C399C1-4595-47D4-A72C-532264A32675}.Release|Any CPU.Build.0 = Release|Any CPU
		{23171157-3FCF-4A0B-B0DA-58018B1D9D3A}.Debug|Any CPU.ActiveCfg = Debug|Any CPU
		{23171157-3FCF-4A0B-B0DA-58018B1D9D3A}.Debug|Any CPU.Build.0 = Debug|Any CPU
		{23171157-3FCF-4A0B-B0DA-58018B1D9D3A}.Release|Any CPU.ActiveCfg = Release|Any CPU
		{23171157-3FCF-4A0B-B0DA-58018B1D9D3A}.Release|Any CPU.Build.0 = Release|Any CPU
	EndGlobalSection
	GlobalSection(SolutionProperties) = preSolution
		HideSolutionNode = FALSE
	EndGlobalSection
	GlobalSection(NestedProjects) = preSolution
		{E3822CD8-D985-41AF-9E50-882F2AAC79D0} = {5AE7EC64-19BA-4722-B4D9-49FD2057EE12}
		{BC8A0A8B-14FC-4DCD-9171-EEDFD8D0225E} = {FDE473FA-9B6C-48FF-A8A8-694ED0D2E850}
		{45A32881-2D81-4273-93D3-A3F0FFB35903} = {FDE473FA-9B6C-48FF-A8A8-694ED0D2E850}
		{844B1B70-FFCC-41F6-8C87-169C98D0BF3F} = {FDE473FA-9B6C-48FF-A8A8-694ED0D2E850}
		{3B88BDC5-D5EE-414D-83A5-BC761306ADE4} = {1BF1B1C5-3720-4B5B-ABE7-3AE473FF327A}
		{FACED75A-21F6-43A1-9965-C85EF0987E7C} = {E61E43AC-D448-448D-A86D-43A4117DD1A4}
		{11075527-02B7-43A7-AB28-606BB1579A05} = {5AE7EC64-19BA-4722-B4D9-49FD2057EE12}
		{0D0FDF75-236F-4120-A0A2-52B33E3AF0FB} = {1BF1B1C5-3720-4B5B-ABE7-3AE473FF327A}
		{31E06852-0B0B-441D-B06E-EAAF03112CFC} = {E61E43AC-D448-448D-A86D-43A4117DD1A4}
		{68C399C1-4595-47D4-A72C-532264A32675} = {1BF1B1C5-3720-4B5B-ABE7-3AE473FF327A}
		{23171157-3FCF-4A0B-B0DA-58018B1D9D3A} = {1BF1B1C5-3720-4B5B-ABE7-3AE473FF327A}
	EndGlobalSection
	GlobalSection(ExtensibilityGlobals) = postSolution
		SolutionGuid = {09D2ADEE-5A97-4130-9642-045E1F305896}
	EndGlobalSection
EndGlobal
